
Microsoft Visual Studio Solution File, Format Version 11.00
# Visual Studio 2010
Project("{6989167D-11E4-40FE-8C1A-2192A86A7E90}") = "tp", "tp\tp.vfproj", "{B30FE54E-9016-4F52-90C1-7FDAC2F89395}"
EndProject
Global
	GlobalSection(SolutionConfigurationPlatforms) = preSolution
		Debug|Win32 = Debug|Win32
		Release|Win32 = Release|Win32
	EndGlobalSection
	GlobalSection(ProjectConfigurationPlatforms) = postSolution
		{B30FE54E-9016-4F52-90C1-7FDAC2F89395}.Debug|Win32.ActiveCfg = Debug|Win32
		{B30FE54E-9016-4F52-90C1-7FDAC2F89395}.Debug|Win32.Build.0 = Debug|Win32
		{B30FE54E-9016-4F52-90C1-7FDAC2F89395}.Release|Win32.ActiveCfg = Release|Win32
		{B30FE54E-9016-4F52-90C1-7FDAC2F89395}.Release|Win32.Build.0 = Release|Win32
	EndGlobalSection
	GlobalSection(SolutionProperties) = preSolution
		HideSolutionNode = FALSE
	EndGlobalSection
EndGlobal
