
Microsoft Visual Studio Solution File, Format Version 11.00
# Visual Studio 2010
Project("{6989167D-11E4-40FE-8C1A-2192A86A7E90}") = "sd_for", "sd_for\sd_for.vfproj", "{043CF20B-0A03-41A8-95C6-9E68234594FD}"
EndProject
Global
	GlobalSection(SolutionConfigurationPlatforms) = preSolution
		Debug|Win32 = Debug|Win32
		Release|Win32 = Release|Win32
	EndGlobalSection
	GlobalSection(ProjectConfigurationPlatforms) = postSolution
		{043CF20B-0A03-41A8-95C6-9E68234594FD}.Debug|Win32.ActiveCfg = Debug|Win32
		{043CF20B-0A03-41A8-95C6-9E68234594FD}.Debug|Win32.Build.0 = Debug|Win32
		{043CF20B-0A03-41A8-95C6-9E68234594FD}.Release|Win32.ActiveCfg = Release|Win32
		{043CF20B-0A03-41A8-95C6-9E68234594FD}.Release|Win32.Build.0 = Release|Win32
	EndGlobalSection
	GlobalSection(SolutionProperties) = preSolution
		HideSolutionNode = FALSE
	EndGlobalSection
EndGlobal
